<?xml version="1.0" encoding="utf-8"?>
<Project ToolsVersion="4.0" xmlns="http://schemas.microsoft.com/developer/msbuild/2003">
  <ItemGroup>
    <ClCompile Include="..\src\WinMain.cpp" />
    <ClCompile Include="..\src\ProjectUtils\PathUtils.cpp">
      <Filter>ProjectUtils</Filter>
    </ClCompile>
    <ClCompile Include="..\src\UI\MainWnd.cpp">
      <Filter>UI</Filter>
    </ClCompile>
    <ClCompile Include="..\src\ProjectUtils\DuilibAddFont.cpp">
      <Filter>ProjectUtils</Filter>
    </ClCompile>
  </ItemGroup>
  <ItemGroup>
    <ClInclude Include="..\src\ProjectHeader.h" />
    <ClInclude Include="..\src\ProjectUtils\PathUtils.h">
      <Filter>ProjectUtils</Filter>
    </ClInclude>
    <ClInclude Include="..\src\UI\MainWnd.h">
      <Filter>UI</Filter>
    </ClInclude>
    <ClInclude Include="..\src\ProjectUtils\ProjectUtils.h">
      <Filter>ProjectUtils</Filter>
    </ClInclude>
    <ClInclude Include="..\src\ProjectUtils\DuilibAddFont.h">
      <Filter>ProjectUtils</Filter>
    </ClInclude>
  </ItemGroup>
  <ItemGroup>
    <Filter Include="ProjectUtils">
      <UniqueIdentifier>{7fb97fd7-24ea-4b7b-8270-827835decadb}</UniqueIdentifier>
    </Filter>
    <Filter Include="UI">
      <UniqueIdentifier>{eba0b17d-ccbb-49b5-b514-bab33fff0266}</UniqueIdentifier>
    </Filter>
  </ItemGroup>
</Project>